// !$*UTF8*$!
{
	archiveVersion = 1;
	classes = {
	};
	objectVersion = 46;
	objects = {

/* Begin PBXBuildFile section */
		E41B56EA1F181613001227F5 /* ChatMessage.swift in Sources */ = {isa = PBXBuildFile; fileRef = E41B56E91F181612001227F5 /* ChatMessage.swift */; };
		E41B56EC1F181653001227F5 /* ChatThread.swift in Sources */ = {isa = PBXBuildFile; fileRef = E41B56EB1F181653001227F5 /* ChatThread.swift */; };
		E41B56EE1F181797001227F5 /* HomeMessageTableViewCell.swift in Sources */ = {isa = PBXBuildFile; fileRef = E41B56ED1F181797001227F5 /* HomeMessageTableViewCell.swift */; };
		E41B56F11F181C0E001227F5 /* ChatThreadViewController.swift in Sources */ = {isa = PBXBuildFile; fileRef = E41B56F01F181C0E001227F5 /* ChatThreadViewController.swift */; };
		E41B56F31F181E71001227F5 /* Poster.swift in Sources */ = {isa = PBXBuildFile; fileRef = E41B56F21F181E71001227F5 /* Poster.swift */; };
		E41B56F51F1820B5001227F5 /* HomePosterCollectionViewCell.swift in Sources */ = {isa = PBXBuildFile; fileRef = E41B56F41F1820B5001227F5 /* HomePosterCollectionViewCell.swift */; };
		E41B56FA1F1824B1001227F5 /* PosterDetailViewController.swift in Sources */ = {isa = PBXBuildFile; fileRef = E41B56F91F1824B1001227F5 /* PosterDetailViewController.swift */; };
		E4F1E6C41F169A6D00094D27 /* AppDelegate.swift in Sources */ = {isa = PBXBuildFile; fileRef = E4F1E6C31F169A6D00094D27 /* AppDelegate.swift */; };
		E4F1E6C61F169A6D00094D27 /* HomeViewController.swift in Sources */ = {isa = PBXBuildFile; fileRef = E4F1E6C51F169A6D00094D27 /* HomeViewController.swift */; };
		E4F1E6C91F169A6D00094D27 /* Main.storyboard in Resources */ = {isa = PBXBuildFile; fileRef = E4F1E6C71F169A6D00094D27 /* Main.storyboard */; };
		E4F1E6CB1F169A6D00094D27 /* Assets.xcassets in Resources */ = {isa = PBXBuildFile; fileRef = E4F1E6CA1F169A6D00094D27 /* Assets.xcassets */; };
		E4F1E6CE1F169A6D00094D27 /* LaunchScreen.storyboard in Resources */ = {isa = PBXBuildFile; fileRef = E4F1E6CC1F169A6D00094D27 /* LaunchScreen.storyboard */; };
		E4F1E6D81F169BA800094D27 /* HomeEventTableViewCell.swift in Sources */ = {isa = PBXBuildFile; fileRef = E4F1E6D71F169BA800094D27 /* HomeEventTableViewCell.swift */; };
		E4F1E6DB1F169C7400094D27 /* HouseEvent.swift in Sources */ = {isa = PBXBuildFile; fileRef = E4F1E6DA1F169C7400094D27 /* HouseEvent.swift */; };
		E4F1E6E31F16C14000094D27 /* EventDetailViewController.swift in Sources */ = {isa = PBXBuildFile; fileRef = E4F1E6E21F16C14000094D27 /* EventDetailViewController.swift */; };
/* End PBXBuildFile section */

/* Begin PBXFileReference section */
		E41B56E91F181612001227F5 /* ChatMessage.swift */ = {isa = PBXFileReference; fileEncoding = 4; lastKnownFileType = sourcecode.swift; path = ChatMessage.swift; sourceTree = "<group>"; };
		E41B56EB1F181653001227F5 /* ChatThread.swift */ = {isa = PBXFileReference; fileEncoding = 4; lastKnownFileType = sourcecode.swift; path = ChatThread.swift; sourceTree = "<group>"; };
		E41B56ED1F181797001227F5 /* HomeMessageTableViewCell.swift */ = {isa = PBXFileReference; fileEncoding = 4; lastKnownFileType = sourcecode.swift; path = HomeMessageTableViewCell.swift; sourceTree = "<group>"; };
		E41B56F01F181C0E001227F5 /* ChatThreadViewController.swift */ = {isa = PBXFileReference; fileEncoding = 4; lastKnownFileType = sourcecode.swift; path = ChatThreadViewController.swift; sourceTree = "<group>"; };
		E41B56F21F181E71001227F5 /* Poster.swift */ = {isa = PBXFileReference; fileEncoding = 4; lastKnownFileType = sourcecode.swift; path = Poster.swift; sourceTree = "<group>"; };
		E41B56F41F1820B5001227F5 /* HomePosterCollectionViewCell.swift */ = {isa = PBXFileReference; fileEncoding = 4; lastKnownFileType = sourcecode.swift; path = HomePosterCollectionViewCell.swift; sourceTree = "<group>"; };
		E41B56F91F1824B1001227F5 /* PosterDetailViewController.swift */ = {isa = PBXFileReference; fileEncoding = 4; lastKnownFileType = sourcecode.swift; path = PosterDetailViewController.swift; sourceTree = "<group>"; };
		E4F1E6C01F169A6D00094D27 /* ResidenceManager.app */ = {isa = PBXFileReference; explicitFileType = wrapper.application; includeInIndex = 0; path = ResidenceManager.app; sourceTree = BUILT_PRODUCTS_DIR; };
		E4F1E6C31F169A6D00094D27 /* AppDelegate.swift */ = {isa = PBXFileReference; lastKnownFileType = sourcecode.swift; path = AppDelegate.swift; sourceTree = "<group>"; };
		E4F1E6C51F169A6D00094D27 /* HomeViewController.swift */ = {isa = PBXFileReference; lastKnownFileType = sourcecode.swift; path = HomeViewController.swift; sourceTree = "<group>"; };
		E4F1E6C81F169A6D00094D27 /* Base */ = {isa = PBXFileReference; lastKnownFileType = file.storyboard; name = Base; path = Base.lproj/Main.storyboard; sourceTree = "<group>"; };
		E4F1E6CA1F169A6D00094D27 /* Assets.xcassets */ = {isa = PBXFileReference; lastKnownFileType = folder.assetcatalog; path = Assets.xcassets; sourceTree = "<group>"; };
		E4F1E6CD1F169A6D00094D27 /* Base */ = {isa = PBXFileReference; lastKnownFileType = file.storyboard; name = Base; path = Base.lproj/LaunchScreen.storyboard; sourceTree = "<group>"; };
		E4F1E6CF1F169A6D00094D27 /* Info.plist */ = {isa = PBXFileReference; lastKnownFileType = text.plist.xml; path = Info.plist; sourceTree = "<group>"; };
		E4F1E6D71F169BA800094D27 /* HomeEventTableViewCell.swift */ = {isa = PBXFileReference; fileEncoding = 4; lastKnownFileType = sourcecode.swift; path = HomeEventTableViewCell.swift; sourceTree = "<group>"; };
		E4F1E6DA1F169C7400094D27 /* HouseEvent.swift */ = {isa = PBXFileReference; fileEncoding = 4; lastKnownFileType = sourcecode.swift; path = HouseEvent.swift; sourceTree = "<group>"; };
		E4F1E6E21F16C14000094D27 /* EventDetailViewController.swift */ = {isa = PBXFileReference; fileEncoding = 4; lastKnownFileType = sourcecode.swift; path = EventDetailViewController.swift; sourceTree = "<group>"; };
/* End PBXFileReference section */

/* Begin PBXFrameworksBuildPhase section */
		E4F1E6BD1F169A6D00094D27 /* Frameworks */ = {
			isa = PBXFrameworksBuildPhase;
			buildActionMask = 2147483647;
			files = (
			);
			runOnlyForDeploymentPostprocessing = 0;
		};
/* End PBXFrameworksBuildPhase section */

/* Begin PBXGroup section */
		E41B56EF1F181BF2001227F5 /* chatThread */ = {
			isa = PBXGroup;
			children = (
				E41B56F01F181C0E001227F5 /* ChatThreadViewController.swift */,
			);
			name = chatThread;
			sourceTree = "<group>";
		};
		E41B56F61F182425001227F5 /* posterDetail */ = {
			isa = PBXGroup;
			children = (
				E41B56F91F1824B1001227F5 /* PosterDetailViewController.swift */,
			);
			name = posterDetail;
			sourceTree = "<group>";
		};
		E4F1E6B71F169A6D00094D27 = {
			isa = PBXGroup;
			children = (
				E4F1E6C21F169A6D00094D27 /* ResidenceManager */,
				E4F1E6C11F169A6D00094D27 /* Products */,
			);
			sourceTree = "<group>";
		};
		E4F1E6C11F169A6D00094D27 /* Products */ = {
			isa = PBXGroup;
			children = (
				E4F1E6C01F169A6D00094D27 /* ResidenceManager.app */,
			);
			name = Products;
			sourceTree = "<group>";
		};
		E4F1E6C21F169A6D00094D27 /* ResidenceManager */ = {
			isa = PBXGroup;
			children = (
				E4F1E6D51F169AD000094D27 /* screens */,
				E4F1E6D91F169C6500094D27 /* models */,
				E4F1E6C31F169A6D00094D27 /* AppDelegate.swift */,
				E4F1E6C71F169A6D00094D27 /* Main.storyboard */,
				E4F1E6CA1F169A6D00094D27 /* Assets.xcassets */,
				E4F1E6CC1F169A6D00094D27 /* LaunchScreen.storyboard */,
				E4F1E6CF1F169A6D00094D27 /* Info.plist */,
			);
			path = ResidenceManager;
			sourceTree = "<group>";
		};
		E4F1E6D51F169AD000094D27 /* screens */ = {
			isa = PBXGroup;
			children = (
				E4F1E6D61F169AD800094D27 /* home */,
				E4F1E6E11F16C10700094D27 /* eventDetail */,
				E41B56EF1F181BF2001227F5 /* chatThread */,
				E41B56F61F182425001227F5 /* posterDetail */,
			);
			name = screens;
			sourceTree = "<group>";
		};
		E4F1E6D61F169AD800094D27 /* home */ = {
			isa = PBXGroup;
			children = (
				E4F1E6C51F169A6D00094D27 /* HomeViewController.swift */,
				E4F1E6D71F169BA800094D27 /* HomeEventTableViewCell.swift */,
				E41B56ED1F181797001227F5 /* HomeMessageTableViewCell.swift */,
				E41B56F41F1820B5001227F5 /* HomePosterCollectionViewCell.swift */,
			);
			name = home;
			sourceTree = "<group>";
		};
		E4F1E6D91F169C6500094D27 /* models */ = {
			isa = PBXGroup;
			children = (
				E4F1E6DA1F169C7400094D27 /* HouseEvent.swift */,
				E41B56EB1F181653001227F5 /* ChatThread.swift */,
				E41B56E91F181612001227F5 /* ChatMessage.swift */,
				E41B56F21F181E71001227F5 /* Poster.swift */,
			);
			name = models;
			sourceTree = "<group>";
		};
		E4F1E6E11F16C10700094D27 /* eventDetail */ = {
			isa = PBXGroup;
			children = (
				E4F1E6E21F16C14000094D27 /* EventDetailViewController.swift */,
			);
			name = eventDetail;
			sourceTree = "<group>";
		};
/* End PBXGroup section */

/* Begin PBXNativeTarget section */
		E4F1E6BF1F169A6D00094D27 /* ResidenceManager */ = {
			isa = PBXNativeTarget;
			buildConfigurationList = E4F1E6D21F169A6D00094D27 /* Build configuration list for PBXNativeTarget "ResidenceManager" */;
			buildPhases = (
				E4F1E6BC1F169A6D00094D27 /* Sources */,
				E4F1E6BD1F169A6D00094D27 /* Frameworks */,
				E4F1E6BE1F169A6D00094D27 /* Resources */,
			);
			buildRules = (
			);
			dependencies = (
			);
			name = ResidenceManager;
			productName = ResidenceManager;
			productReference = E4F1E6C01F169A6D00094D27 /* ResidenceManager.app */;
			productType = "com.apple.product-type.application";
		};
/* End PBXNativeTarget section */

/* Begin PBXProject section */
		E4F1E6B81F169A6D00094D27 /* Project object */ = {
			isa = PBXProject;
			attributes = {
				LastSwiftUpdateCheck = 0830;
				LastUpgradeCheck = 0830;
				ORGANIZATIONNAME = Ginpei;
				TargetAttributes = {
					E4F1E6BF1F169A6D00094D27 = {
						CreatedOnToolsVersion = 8.3.3;
						ProvisioningStyle = Automatic;
					};
				};
			};
			buildConfigurationList = E4F1E6BB1F169A6D00094D27 /* Build configuration list for PBXProject "ResidenceManager" */;
			compatibilityVersion = "Xcode 3.2";
			developmentRegion = English;
			hasScannedForEncodings = 0;
			knownRegions = (
				en,
				Base,
			);
			mainGroup = E4F1E6B71F169A6D00094D27;
			productRefGroup = E4F1E6C11F169A6D00094D27 /* Products */;
			projectDirPath = "";
			projectRoot = "";
			targets = (
				E4F1E6BF1F169A6D00094D27 /* ResidenceManager */,
			);
		};
/* End PBXProject section */

/* Begin PBXResourcesBuildPhase section */
		E4F1E6BE1F169A6D00094D27 /* Resources */ = {
			isa = PBXResourcesBuildPhase;
			buildActionMask = 2147483647;
			files = (
				E4F1E6CE1F169A6D00094D27 /* LaunchScreen.storyboard in Resources */,
				E4F1E6CB1F169A6D00094D27 /* Assets.xcassets in Resources */,
				E4F1E6C91F169A6D00094D27 /* Main.storyboard in Resources */,
			);
			runOnlyForDeploymentPostprocessing = 0;
		};
/* End PBXResourcesBuildPhase section */

/* Begin PBXSourcesBuildPhase section */
		E4F1E6BC1F169A6D00094D27 /* Sources */ = {
			isa = PBXSourcesBuildPhase;
			buildActionMask = 2147483647;
			files = (
				E41B56F31F181E71001227F5 /* Poster.swift in Sources */,
				E4F1E6DB1F169C7400094D27 /* HouseEvent.swift in Sources */,
				E41B56EC1F181653001227F5 /* ChatThread.swift in Sources */,
				E41B56F11F181C0E001227F5 /* ChatThreadViewController.swift in Sources */,
				E41B56EE1F181797001227F5 /* HomeMessageTableViewCell.swift in Sources */,
				E4F1E6E31F16C14000094D27 /* EventDetailViewController.swift in Sources */,
				E4F1E6C61F169A6D00094D27 /* HomeViewController.swift in Sources */,
				E41B56EA1F181613001227F5 /* ChatMessage.swift in Sources */,
				E41B56FA1F1824B1001227F5 /* PosterDetailViewController.swift in Sources */,
				E4F1E6D81F169BA800094D27 /* HomeEventTableViewCell.swift in Sources */,
				E4F1E6C41F169A6D00094D27 /* AppDelegate.swift in Sources */,
				E41B56F51F1820B5001227F5 /* HomePosterCollectionViewCell.swift in Sources */,
			);
			runOnlyForDeploymentPostprocessing = 0;
		};
/* End PBXSourcesBuildPhase section */

/* Begin PBXVariantGroup section */
		E4F1E6C71F169A6D00094D27 /* Main.storyboard */ = {
			isa = PBXVariantGroup;
			children = (
				E4F1E6C81F169A6D00094D27 /* Base */,
			);
			name = Main.storyboard;
			sourceTree = "<group>";
		};
		E4F1E6CC1F169A6D00094D27 /* LaunchScreen.storyboard */ = {
			isa = PBXVariantGroup;
			children = (
				E4F1E6CD1F169A6D00094D27 /* Base */,
			);
			name = LaunchScreen.storyboard;
			sourceTree = "<group>";
		};
/* End PBXVariantGroup section */

/* Begin XCBuildConfiguration section */
		E4F1E6D01F169A6D00094D27 /* Debug */ = {
			isa = XCBuildConfiguration;
			buildSettings = {
				ALWAYS_SEARCH_USER_PATHS = NO;
				CLANG_ANALYZER_NONNULL = YES;
				CLANG_ANALYZER_NUMBER_OBJECT_CONVERSION = YES_AGGRESSIVE;
				CLANG_CXX_LANGUAGE_STANDARD = "gnu++0x";
				CLANG_CXX_LIBRARY = "libc++";
				CLANG_ENABLE_MODULES = YES;
				CLANG_ENABLE_OBJC_ARC = YES;
				CLANG_WARN_BOOL_CONVERSION = YES;
				CLANG_WARN_CONSTANT_CONVERSION = YES;
				CLANG_WARN_DIRECT_OBJC_ISA_USAGE = YES_ERROR;
				CLANG_WARN_DOCUMENTATION_COMMENTS = YES;
				CLANG_WARN_EMPTY_BODY = YES;
				CLANG_WARN_ENUM_CONVERSION = YES;
				CLANG_WARN_INFINITE_RECURSION = YES;
				CLANG_WARN_INT_CONVERSION = YES;
				CLANG_WARN_OBJC_ROOT_CLASS = YES_ERROR;
				CLANG_WARN_SUSPICIOUS_MOVE = YES;
				CLANG_WARN_UNREACHABLE_CODE = YES;
				CLANG_WARN__DUPLICATE_METHOD_MATCH = YES;
				"CODE_SIGN_IDENTITY[sdk=iphoneos*]" = "iPhone Developer";
				COPY_PHASE_STRIP = NO;
				DEBUG_INFORMATION_FORMAT = dwarf;
				ENABLE_STRICT_OBJC_MSGSEND = YES;
				ENABLE_TESTABILITY = YES;
				GCC_C_LANGUAGE_STANDARD = gnu99;
				GCC_DYNAMIC_NO_PIC = NO;
				GCC_NO_COMMON_BLOCKS = YES;
				GCC_OPTIMIZATION_LEVEL = 0;
				GCC_PREPROCESSOR_DEFINITIONS = (
					"DEBUG=1",
					"$(inherited)",
				);
				GCC_WARN_64_TO_32_BIT_CONVERSION = YES;
				GCC_WARN_ABOUT_RETURN_TYPE = YES_ERROR;
				GCC_WARN_UNDECLARED_SELECTOR = YES;
				GCC_WARN_UNINITIALIZED_AUTOS = YES_AGGRESSIVE;
				GCC_WARN_UNUSED_FUNCTION = YES;
				GCC_WARN_UNUSED_VARIABLE = YES;
				IPHONEOS_DEPLOYMENT_TARGET = 10.3;
				MTL_ENABLE_DEBUG_INFO = YES;
				ONLY_ACTIVE_ARCH = YES;
				SDKROOT = iphoneos;
				SWIFT_ACTIVE_COMPILATION_CONDITIONS = DEBUG;
				SWIFT_OPTIMIZATION_LEVEL = "-Onone";
			};
			name = Debug;
		};
		E4F1E6D11F169A6D00094D27 /* Release */ = {
			isa = XCBuildConfiguration;
			buildSettings = {
				ALWAYS_SEARCH_USER_PATHS = NO;
				CLANG_ANALYZER_NONNULL = YES;
				CLANG_ANALYZER_NUMBER_OBJECT_CONVERSION = YES_AGGRESSIVE;
				CLANG_CXX_LANGUAGE_STANDARD = "gnu++0x";
				CLANG_CXX_LIBRARY = "libc++";
				CLANG_ENABLE_MODULES = YES;
				CLANG_ENABLE_OBJC_ARC = YES;
				CLANG_WARN_BOOL_CONVERSION = YES;
				CLANG_WARN_CONSTANT_CONVERSION = YES;
				CLANG_WARN_DIRECT_OBJC_ISA_USAGE = YES_ERROR;
				CLANG_WARN_DOCUMENTATION_COMMENTS = YES;
				CLANG_WARN_EMPTY_BODY = YES;
				CLANG_WARN_ENUM_CONVERSION = YES;
				CLANG_WARN_INFINITE_RECURSION = YES;
				CLANG_WARN_INT_CONVERSION = YES;
				CLANG_WARN_OBJC_ROOT_CLASS = YES_ERROR;
				CLANG_WARN_SUSPICIOUS_MOVE = YES;
				CLANG_WARN_UNREACHABLE_CODE = YES;
				CLANG_WARN__DUPLICATE_METHOD_MATCH = YES;
				"CODE_SIGN_IDENTITY[sdk=iphoneos*]" = "iPhone Developer";
				COPY_PHASE_STRIP = NO;
				DEBUG_INFORMATION_FORMAT = "dwarf-with-dsym";
				ENABLE_NS_ASSERTIONS = NO;
				ENABLE_STRICT_OBJC_MSGSEND = YES;
				GCC_C_LANGUAGE_STANDARD = gnu99;
				GCC_NO_COMMON_BLOCKS = YES;
				GCC_WARN_64_TO_32_BIT_CONVERSION = YES;
				GCC_WARN_ABOUT_RETURN_TYPE = YES_ERROR;
				GCC_WARN_UNDECLARED_SELECTOR = YES;
				GCC_WARN_UNINITIALIZED_AUTOS = YES_AGGRESSIVE;
				GCC_WARN_UNUSED_FUNCTION = YES;
				GCC_WARN_UNUSED_VARIABLE = YES;
				IPHONEOS_DEPLOYMENT_TARGET = 10.3;
				MTL_ENABLE_DEBUG_INFO = NO;
				SDKROOT = iphoneos;
				SWIFT_OPTIMIZATION_LEVEL = "-Owholemodule";
				VALIDATE_PRODUCT = YES;
			};
			name = Release;
		};
		E4F1E6D31F169A6D00094D27 /* Debug */ = {
			isa = XCBuildConfiguration;
			buildSettings = {
				ASSETCATALOG_COMPILER_APPICON_NAME = AppIcon;
				INFOPLIST_FILE = ResidenceManager/Info.plist;
				LD_RUNPATH_SEARCH_PATHS = "$(inherited) @executable_path/Frameworks";
				PRODUCT_BUNDLE_IDENTIFIER = info.ginpei.ResidenceManager;
				PRODUCT_NAME = "$(TARGET_NAME)";
				SWIFT_VERSION = 3.0;
			};
			name = Debug;
		};
		E4F1E6D41F169A6D00094D27 /* Release */ = {
			isa = XCBuildConfiguration;
			buildSettings = {
				ASSETCATALOG_COMPILER_APPICON_NAME = AppIcon;
				INFOPLIST_FILE = ResidenceManager/Info.plist;
				LD_RUNPATH_SEARCH_PATHS = "$(inherited) @executable_path/Frameworks";
				PRODUCT_BUNDLE_IDENTIFIER = info.ginpei.ResidenceManager;
				PRODUCT_NAME = "$(TARGET_NAME)";
				SWIFT_VERSION = 3.0;
			};
			name = Release;
		};
/* End XCBuildConfiguration section */

/* Begin XCConfigurationList section */
		E4F1E6BB1F169A6D00094D27 /* Build configuration list for PBXProject "ResidenceManager" */ = {
			isa = XCConfigurationList;
			buildConfigurations = (
				E4F1E6D01F169A6D00094D27 /* Debug */,
				E4F1E6D11F169A6D00094D27 /* Release */,
			);
			defaultConfigurationIsVisible = 0;
			defaultConfigurationName = Release;
		};
		E4F1E6D21F169A6D00094D27 /* Build configuration list for PBXNativeTarget "ResidenceManager" */ = {
			isa = XCConfigurationList;
			buildConfigurations = (
				E4F1E6D31F169A6D00094D27 /* Debug */,
				E4F1E6D41F169A6D00094D27 /* Release */,
			);
			defaultConfigurationIsVisible = 0;
			defaultConfigurationName = Release;
		};
/* End XCConfigurationList section */
	};
	rootObject = E4F1E6B81F169A6D00094D27 /* Project object */;
}
